
Microsoft Visual Studio Solution File, Format Version 12.00
# Visual Studio Version 17
VisualStudioVersion = 17.14.36310.24 d17.14
MinimumVisualStudioVersion = 10.0.40219.1
Project("{FAE04EC0-301F-11D3-BF4B-00C04F79EFBC}") = "StudentInformationAPI", "StudentInformationAPI\StudentInformationAPI.csproj", "{A748A134-8C50-457F-8C65-5BDE50BDD501}"
EndProject
Global
	GlobalSection(SolutionConfigurationPlatforms) = preSolution
		Debug|Any CPU = Debug|Any CPU
		Release|Any CPU = Release|Any CPU
	EndGlobalSection
	GlobalSection(ProjectConfigurationPlatforms) = postSolution
		{A748A134-8C50-457F-8C65-5BDE50BDD501}.Debug|Any CPU.ActiveCfg = Debug|Any CPU
		{A748A134-8C50-457F-8C65-5BDE50BDD501}.Debug|Any CPU.Build.0 = Debug|Any CPU
		{A748A134-8C50-457F-8C65-5BDE50BDD501}.Release|Any CPU.ActiveCfg = Release|Any CPU
		{A748A134-8C50-457F-8C65-5BDE50BDD501}.Release|Any CPU.Build.0 = Release|Any CPU
	EndGlobalSection
	GlobalSection(SolutionProperties) = preSolution
		HideSolutionNode = FALSE
	EndGlobalSection
	GlobalSection(ExtensibilityGlobals) = postSolution
		SolutionGuid = {51C31711-0E78-4370-81FE-A7361BDA8771}
	EndGlobalSection
EndGlobal
